
Microsoft Visual Studio Solution File, Format Version 12.00
# Visual Studio Version 17
VisualStudioVersion = 17.6.33829.357
MinimumVisualStudioVersion = 10.0.40219.1
Project("{2150E333-8FDC-42A3-9474-1A3956D46DE8}") = "src", "src", "{34E6BD1F-C908-4F30-A198-8349D67D0977}"
EndProject
Project("{9A19103F-16F7-4668-BE54-9A1E7A4F7556}") = "Domain", "Domain\Domain.csproj", "{B7E5C5F5-2E42-4711-8707-FAA7E1636B72}"
EndProject
Project("{9A19103F-16F7-4668-BE54-9A1E7A4F7556}") = "Application", "Application\Application.csproj", "{0A675407-2E73-498F-95E7-E305C81E953C}"
EndProject
Project("{9A19103F-16F7-4668-BE54-9A1E7A4F7556}") = "Infrastructure", "Infrastructure\Infrastructure.csproj", "{9318847B-CB35-4345-97C1-9D54A31DEC72}"
EndProject
Project("{9A19103F-16F7-4668-BE54-9A1E7A4F7556}") = "WebAPI", "WebAPI\WebAPI.csproj", "{5F55CADB-F011-4D0C-B8BA-8A436222B245}"
EndProject
Global
	GlobalSection(SolutionConfigurationPlatforms) = preSolution
		Debug|Any CPU = Debug|Any CPU
		Release|Any CPU = Release|Any CPU
	EndGlobalSection
	GlobalSection(ProjectConfigurationPlatforms) = postSolution
		{B7E5C5F5-2E42-4711-8707-FAA7E1636B72}.Debug|Any CPU.ActiveCfg = Debug|Any CPU
		{B7E5C5F5-2E42-4711-8707-FAA7E1636B72}.Debug|Any CPU.Build.0 = Debug|Any CPU
		{B7E5C5F5-2E42-4711-8707-FAA7E1636B72}.Release|Any CPU.ActiveCfg = Release|Any CPU
		{B7E5C5F5-2E42-4711-8707-FAA7E1636B72}.Release|Any CPU.Build.0 = Release|Any CPU
		{0A675407-2E73-498F-95E7-E305C81E953C}.Debug|Any CPU.ActiveCfg = Debug|Any CPU
		{0A675407-2E73-498F-95E7-E305C81E953C}.Debug|Any CPU.Build.0 = Debug|Any CPU
		{0A675407-2E73-498F-95E7-E305C81E953C}.Release|Any CPU.ActiveCfg = Release|Any CPU
		{0A675407-2E73-498F-95E7-E305C81E953C}.Release|Any CPU.Build.0 = Release|Any CPU
		{9318847B-CB35-4345-97C1-9D54A31DEC72}.Debug|Any CPU.ActiveCfg = Debug|Any CPU
		{9318847B-CB35-4345-97C1-9D54A31DEC72}.Debug|Any CPU.Build.0 = Debug|Any CPU
		{9318847B-CB35-4345-97C1-9D54A31DEC72}.Release|Any CPU.ActiveCfg = Release|Any CPU
		{9318847B-CB35-4345-97C1-9D54A31DEC72}.Release|Any CPU.Build.0 = Release|Any CPU
		{5F55CADB-F011-4D0C-B8BA-8A436222B245}.Debug|Any CPU.ActiveCfg = Debug|Any CPU
		{5F55CADB-F011-4D0C-B8BA-8A436222B245}.Debug|Any CPU.Build.0 = Debug|Any CPU
		{5F55CADB-F011-4D0C-B8BA-8A436222B245}.Release|Any CPU.ActiveCfg = Release|Any CPU
		{5F55CADB-F011-4D0C-B8BA-8A436222B245}.Release|Any CPU.Build.0 = Release|Any CPU
	EndGlobalSection
	GlobalSection(SolutionProperties) = preSolution
		HideSolutionNode = FALSE
	EndGlobalSection
	GlobalSection(NestedProjects) = preSolution
		{B7E5C5F5-2E42-4711-8707-FAA7E1636B72} = {34E6BD1F-C908-4F30-A198-8349D67D0977}
		{0A675407-2E73-498F-95E7-E305C81E953C} = {34E6BD1F-C908-4F30-A198-8349D67D0977}
		{9318847B-CB35-4345-97C1-9D54A31DEC72} = {34E6BD1F-C908-4F30-A198-8349D67D0977}
		{5F55CADB-F011-4D0C-B8BA-8A436222B245} = {34E6BD1F-C908-4F30-A198-8349D67D0977}
	EndGlobalSection
	GlobalSection(ExtensibilityGlobals) = postSolution
		SolutionGuid = {82C24748-0D92-4B56-8854-74C8FAEDBCA0}
	EndGlobalSection
EndGlobal
